{
  "name": "abcd",
  "version": "1.0.0",
  "lockfileVersion": 1,
  "requires": true,
  "dependencies": {
    "@angular/common": {
      "version": "4.4.4",
      "resolved": "https://registry.npmjs.org/@angular/common/-/common-4.4.4.tgz",
      "integrity": "sha1-rgqBiqoMaj8JAee4C9lOHCLrk2U=",
      "requires": {
        "tslib": "1.7.1"
      }
    },
    "@angular/compiler": {
      "version": "4.4.4",
      "resolved": "https://registry.npmjs.org/@angular/compiler/-/compiler-4.4.4.tgz",
      "integrity": "sha1-Mm6wAp2aNUGqyhJN75rcUcNvK0E=",
      "requires": {
        "tslib": "1.7.1"
      }
    },
    "@angular/core": {
      "version": "4.4.4",
      "resolved": "https://registry.npmjs.org/@angular/core/-/core-4.4.4.tgz",
      "integrity": "sha1-vTfs9UFY+XSJmWyThr0iL4CjL1w=",
      "requires": {
        "tslib": "1.7.1"
      }
    },
    "@angular/forms": {
      "version": "4.4.4",
      "resolved": "https://registry.npmjs.org/@angular/forms/-/forms-4.4.4.tgz",
      "integrity": "sha1-TbN5BQm2sQ8duKfBt/Uhh89kz9Q=",
      "requires": {
        "tslib": "1.7.1"
      }
    },
    "@angular/platform-browser": {
      "version": "4.4.4",
      "resolved": "https://registry.npmjs.org/@angular/platform-browser/-/platform-browser-4.4.4.tgz",
      "integrity": "sha1-o4mOLnup2E/6DUcUTGlxF5x1ruY=",
      "requires": {
        "tslib": "1.7.1"
      }
    },
    "@angular/platform-browser-dynamic": {
      "version": "4.4.4",
      "resolved": "https://registry.npmjs.org/@angular/platform-browser-dynamic/-/platform-browser-dynamic-4.4.4.tgz",
      "integrity": "sha1-w8nrhUpShVagcFQSeTLlJ/qTLhQ=",
      "requires": {
        "tslib": "1.7.1"
      }
    },
    "core-js": {
      "version": "2.5.1",
      "resolved": "https://registry.npmjs.org/core-js/-/core-js-2.5.1.tgz",
      "integrity": "sha1-rmh03GaTd4m4B1T/VCjfZoGcpQs="
    },
    "rxjs": {
      "version": "5.4.3",
      "resolved": "https://registry.npmjs.org/rxjs/-/rxjs-5.4.3.tgz",
      "integrity": "sha512-fSNi+y+P9ss+EZuV0GcIIqPUK07DEaMRUtLJvdcvMyFjc9dizuDjere+A4V7JrLGnm9iCc+nagV/4QdMTkqC4A==",
      "requires": {
        "symbol-observable": "1.0.4"
      }
    },
    "symbol-observable": {
      "version": "1.0.4",
      "resolved": "https://registry.npmjs.org/symbol-observable/-/symbol-observable-1.0.4.tgz",
      "integrity": "sha1-Kb9hXUqnEhvdiYsi1LP5vE4qoD0="
    },
    "systemjs": {
      "version": "0.20.19",
      "resolved": "https://registry.npmjs.org/systemjs/-/systemjs-0.20.19.tgz",
      "integrity": "sha512-H/rKwNEEyej/+IhkmFNmKFyJul8tbH/muiPq5TyNoVTwsGhUjRsN3NlFnFQUvFXA3+GQmsXkCNXU6QKPl779aw=="
    },
    "tslib": {
      "version": "1.7.1",
      "resolved": "https://registry.npmjs.org/tslib/-/tslib-1.7.1.tgz",
      "integrity": "sha1-vIAEFkaRkjp5/oN4u+s9ogF1OOw="
    },
    "zone.js": {
      "version": "0.8.18",
      "resolved": "https://registry.npmjs.org/zone.js/-/zone.js-0.8.18.tgz",
      "integrity": "sha512-knKOBQM0oea3/x9pdyDuDi7RhxDlJhOIkeixXSiTKWLgs4LpK37iBc+1HaHwzlciHUKT172CymJFKo8Xgh+44Q=="
    }
  }
}
